
Microsoft Visual Studio Solution File, Format Version 12.00
# Visual Studio Version 17
VisualStudioVersion = 17.6.33815.320
MinimumVisualStudioVersion = 10.0.40219.1
Project("{FAE04EC0-301F-11D3-BF4B-00C04F79EFBC}") = "CrudTransaccion", "CrudTransaccion\CrudTransaccion.csproj", "{A9E31BF2-F014-4AEB-B5F6-8637B761078B}"
EndProject
Global
	GlobalSection(SolutionConfigurationPlatforms) = preSolution
		Debug|Any CPU = Debug|Any CPU
		Release|Any CPU = Release|Any CPU
	EndGlobalSection
	GlobalSection(ProjectConfigurationPlatforms) = postSolution
		{A9E31BF2-F014-4AEB-B5F6-8637B761078B}.Debug|Any CPU.ActiveCfg = Debug|Any CPU
		{A9E31BF2-F014-4AEB-B5F6-8637B761078B}.Debug|Any CPU.Build.0 = Debug|Any CPU
		{A9E31BF2-F014-4AEB-B5F6-8637B761078B}.Release|Any CPU.ActiveCfg = Release|Any CPU
		{A9E31BF2-F014-4AEB-B5F6-8637B761078B}.Release|Any CPU.Build.0 = Release|Any CPU
	EndGlobalSection
	GlobalSection(SolutionProperties) = preSolution
		HideSolutionNode = FALSE
	EndGlobalSection
	GlobalSection(ExtensibilityGlobals) = postSolution
		SolutionGuid = {3E30B17B-BED0-49F3-8F7A-C83341C0D6E8}
	EndGlobalSection
EndGlobal
